
Microsoft Visual Studio Solution File, Format Version 12.00
# Visual Studio Version 17
VisualStudioVersion = 17.3.32929.385
MinimumVisualStudioVersion = 10.0.40219.1
Project("{9A19103F-16F7-4668-BE54-9A1E7A4F7556}") = "HRManager.Models", "HRManager.Models\HRManager.Models.csproj", "{4F337EED-2567-4F7C-93BD-7E78D5B5D310}"
EndProject
Project("{9A19103F-16F7-4668-BE54-9A1E7A4F7556}") = "HRManager.Data", "HRManager.Data\HRManager.Data.csproj", "{29BD00E0-20C1-4D77-B9C7-3D334E27952C}"
EndProject
Project("{9A19103F-16F7-4668-BE54-9A1E7A4F7556}") = "HRManager.Services", "HRManager.Services\HRManager.Services.csproj", "{45A40B6E-4FDF-4D73-8031-2FB4E932FAE0}"
EndProject
Project("{FAE04EC0-301F-11D3-BF4B-00C04F79EFBC}") = "HRManager.Api", "HRManager.Api\HRManager.Api.csproj", "{32A6ED25-7418-4F5A-86B3-7AEEB4FFA983}"
EndProject
Project("{FAE04EC0-301F-11D3-BF4B-00C04F79EFBC}") = "HRManager.Benchmarks", "HRManager.Benchmarks\HRManager.Benchmarks.csproj", "{58867711-9F77-4764-88E1-F8933D54EC58}"
EndProject
Global
	GlobalSection(SolutionConfigurationPlatforms) = preSolution
		Debug|Any CPU = Debug|Any CPU
		Debug|x64 = Debug|x64
		Debug|x86 = Debug|x86
		Release|Any CPU = Release|Any CPU
		Release|x64 = Release|x64
		Release|x86 = Release|x86
	EndGlobalSection
	GlobalSection(ProjectConfigurationPlatforms) = postSolution
		{4F337EED-2567-4F7C-93BD-7E78D5B5D310}.Debug|Any CPU.ActiveCfg = Debug|Any CPU
		{4F337EED-2567-4F7C-93BD-7E78D5B5D310}.Debug|Any CPU.Build.0 = Debug|Any CPU
		{4F337EED-2567-4F7C-93BD-7E78D5B5D310}.Debug|x64.ActiveCfg = Debug|Any CPU
		{4F337EED-2567-4F7C-93BD-7E78D5B5D310}.Debug|x64.Build.0 = Debug|Any CPU
		{4F337EED-2567-4F7C-93BD-7E78D5B5D310}.Debug|x86.ActiveCfg = Debug|Any CPU
		{4F337EED-2567-4F7C-93BD-7E78D5B5D310}.Debug|x86.Build.0 = Debug|Any CPU
		{4F337EED-2567-4F7C-93BD-7E78D5B5D310}.Release|Any CPU.ActiveCfg = Release|Any CPU
		{4F337EED-2567-4F7C-93BD-7E78D5B5D310}.Release|Any CPU.Build.0 = Release|Any CPU
		{4F337EED-2567-4F7C-93BD-7E78D5B5D310}.Release|x64.ActiveCfg = Release|Any CPU
		{4F337EED-2567-4F7C-93BD-7E78D5B5D310}.Release|x64.Build.0 = Release|Any CPU
		{4F337EED-2567-4F7C-93BD-7E78D5B5D310}.Release|x86.ActiveCfg = Release|Any CPU
		{4F337EED-2567-4F7C-93BD-7E78D5B5D310}.Release|x86.Build.0 = Release|Any CPU
		{29BD00E0-20C1-4D77-B9C7-3D334E27952C}.Debug|Any CPU.ActiveCfg = Debug|Any CPU
		{29BD00E0-20C1-4D77-B9C7-3D334E27952C}.Debug|Any CPU.Build.0 = Debug|Any CPU
		{29BD00E0-20C1-4D77-B9C7-3D334E27952C}.Debug|x64.ActiveCfg = Debug|Any CPU
		{29BD00E0-20C1-4D77-B9C7-3D334E27952C}.Debug|x64.Build.0 = Debug|Any CPU
		{29BD00E0-20C1-4D77-B9C7-3D334E27952C}.Debug|x86.ActiveCfg = Debug|Any CPU
		{29BD00E0-20C1-4D77-B9C7-3D334E27952C}.Debug|x86.Build.0 = Debug|Any CPU
		{29BD00E0-20C1-4D77-B9C7-3D334E27952C}.Release|Any CPU.ActiveCfg = Release|Any CPU
		{29BD00E0-20C1-4D77-B9C7-3D334E27952C}.Release|Any CPU.Build.0 = Release|Any CPU
		{29BD00E0-20C1-4D77-B9C7-3D334E27952C}.Release|x64.ActiveCfg = Release|Any CPU
		{29BD00E0-20C1-4D77-B9C7-3D334E27952C}.Release|x64.Build.0 = Release|Any CPU
		{29BD00E0-20C1-4D77-B9C7-3D334E27952C}.Release|x86.ActiveCfg = Release|Any CPU
		{29BD00E0-20C1-4D77-B9C7-3D334E27952C}.Release|x86.Build.0 = Release|Any CPU
		{45A40B6E-4FDF-4D73-8031-2FB4E932FAE0}.Debug|Any CPU.ActiveCfg = Debug|Any CPU
		{45A40B6E-4FDF-4D73-8031-2FB4E932FAE0}.Debug|Any CPU.Build.0 = Debug|Any CPU
		{45A40B6E-4FDF-4D73-8031-2FB4E932FAE0}.Debug|x64.ActiveCfg = Debug|Any CPU
		{45A40B6E-4FDF-4D73-8031-2FB4E932FAE0}.Debug|x64.Build.0 = Debug|Any CPU
		{45A40B6E-4FDF-4D73-8031-2FB4E932FAE0}.Debug|x86.ActiveCfg = Debug|Any CPU
		{45A40B6E-4FDF-4D73-8031-2FB4E932FAE0}.Debug|x86.Build.0 = Debug|Any CPU
		{45A40B6E-4FDF-4D73-8031-2FB4E932FAE0}.Release|Any CPU.ActiveCfg = Release|Any CPU
		{45A40B6E-4FDF-4D73-8031-2FB4E932FAE0}.Release|Any CPU.Build.0 = Release|Any CPU
		{45A40B6E-4FDF-4D73-8031-2FB4E932FAE0}.Release|x64.ActiveCfg = Release|Any CPU
		{45A40B6E-4FDF-4D73-8031-2FB4E932FAE0}.Release|x64.Build.0 = Release|Any CPU
		{45A40B6E-4FDF-4D73-8031-2FB4E932FAE0}.Release|x86.ActiveCfg = Release|Any CPU
		{45A40B6E-4FDF-4D73-8031-2FB4E932FAE0}.Release|x86.Build.0 = Release|Any CPU
		{32A6ED25-7418-4F5A-86B3-7AEEB4FFA983}.Debug|Any CPU.ActiveCfg = Debug|Any CPU
		{32A6ED25-7418-4F5A-86B3-7AEEB4FFA983}.Debug|Any CPU.Build.0 = Debug|Any CPU
		{32A6ED25-7418-4F5A-86B3-7AEEB4FFA983}.Debug|x64.ActiveCfg = Debug|Any CPU
		{32A6ED25-7418-4F5A-86B3-7AEEB4FFA983}.Debug|x64.Build.0 = Debug|Any CPU
		{32A6ED25-7418-4F5A-86B3-7AEEB4FFA983}.Debug|x86.ActiveCfg = Debug|Any CPU
		{32A6ED25-7418-4F5A-86B3-7AEEB4FFA983}.Debug|x86.Build.0 = Debug|Any CPU
		{32A6ED25-7418-4F5A-86B3-7AEEB4FFA983}.Release|Any CPU.ActiveCfg = Release|Any CPU
		{32A6ED25-7418-4F5A-86B3-7AEEB4FFA983}.Release|Any CPU.Build.0 = Release|Any CPU
		{32A6ED25-7418-4F5A-86B3-7AEEB4FFA983}.Release|x64.ActiveCfg = Release|Any CPU
		{32A6ED25-7418-4F5A-86B3-7AEEB4FFA983}.Release|x64.Build.0 = Release|Any CPU
		{32A6ED25-7418-4F5A-86B3-7AEEB4FFA983}.Release|x86.ActiveCfg = Release|Any CPU
		{32A6ED25-7418-4F5A-86B3-7AEEB4FFA983}.Release|x86.Build.0 = Release|Any CPU
		{58867711-9F77-4764-88E1-F8933D54EC58}.Debug|Any CPU.ActiveCfg = Debug|Any CPU
		{58867711-9F77-4764-88E1-F8933D54EC58}.Debug|Any CPU.Build.0 = Debug|Any CPU
		{58867711-9F77-4764-88E1-F8933D54EC58}.Debug|x64.ActiveCfg = Debug|Any CPU
		{58867711-9F77-4764-88E1-F8933D54EC58}.Debug|x64.Build.0 = Debug|Any CPU
		{58867711-9F77-4764-88E1-F8933D54EC58}.Debug|x86.ActiveCfg = Debug|Any CPU
		{58867711-9F77-4764-88E1-F8933D54EC58}.Debug|x86.Build.0 = Debug|Any CPU
		{58867711-9F77-4764-88E1-F8933D54EC58}.Release|Any CPU.ActiveCfg = Release|Any CPU
		{58867711-9F77-4764-88E1-F8933D54EC58}.Release|Any CPU.Build.0 = Release|Any CPU
		{58867711-9F77-4764-88E1-F8933D54EC58}.Release|x64.ActiveCfg = Release|Any CPU
		{58867711-9F77-4764-88E1-F8933D54EC58}.Release|x64.Build.0 = Release|Any CPU
		{58867711-9F77-4764-88E1-F8933D54EC58}.Release|x86.ActiveCfg = Release|Any CPU
		{58867711-9F77-4764-88E1-F8933D54EC58}.Release|x86.Build.0 = Release|Any CPU
	EndGlobalSection
	GlobalSection(SolutionProperties) = preSolution
		HideSolutionNode = FALSE
	EndGlobalSection
	GlobalSection(ExtensibilityGlobals) = postSolution
		SolutionGuid = {EB86C567-0262-41D6-9007-9CF485EF4D9F}
	EndGlobalSection
EndGlobal
